{
  "nodes": {
    "flake-utils": {
      "inputs": {
        "systems": "systems"
      },
      "locked": {
        "lastModified": 1731533236,
        "narHash": "sha256-l0KFg5HjrsfsO/JpG+r7fRrqm12kzFHyUHqHCVpMMbI=",
        "owner": "numtide",
        "repo": "flake-utils",
        "rev": "11707dc2f618dd54ca8739b309ec4fc024de578b",
        "type": "github"
      },
      "original": {
        "owner": "numtide",
        "repo": "flake-utils",
        "type": "github"
      }
    },
    "gen-jyuu-gothic": {
      "inputs": {
        "flake-utils": [
          "flake-utils"
        ],
        "gen-jyuu-gothic": "gen-jyuu-gothic_2",
        "gen-jyuu-gothic-l": "gen-jyuu-gothic-l",
        "gen-jyuu-gothic-x": "gen-jyuu-gothic-x",
        "nixpkgs": [
          "nixpkgs"
        ]
      },
      "locked": {
        "lastModified": 1727504447,
        "narHash": "sha256-KO3TWg9gtpYNsdmAt2oo3nTRnBf713yqbZ7PgbQcB6E=",
        "owner": "blyoa",
        "repo": "nix-font-gen-jyuu-gothic",
        "rev": "33c6c5044a45219d7122361ef71dde856db7e096",
        "type": "github"
      },
      "original": {
        "owner": "blyoa",
        "repo": "nix-font-gen-jyuu-gothic",
        "type": "github"
      }
    },
    "gen-jyuu-gothic-l": {
      "flake": false,
      "locked": {
        "narHash": "sha256-W/6Je/JKw+sCk15zdskEz2HMZ3WTKtC0MMphabcMbe4=",
        "type": "file",
        "url": "https://ftp.iij.ad.jp/pub/osdn.jp/users/8/8635/genjyuugothic-l-20150607.7z"
      },
      "original": {
        "type": "file",
        "url": "https://ftp.iij.ad.jp/pub/osdn.jp/users/8/8635/genjyuugothic-l-20150607.7z"
      }
    },
    "gen-jyuu-gothic-x": {
      "flake": false,
      "locked": {
        "narHash": "sha256-b/mGb2Hh+ZhnfeD8biyvWYYajZzbKFFFaslUGi4BKtY=",
        "type": "file",
        "url": "https://ftp.iij.ad.jp/pub/osdn.jp/users/8/8638/genjyuugothic-x-20150607.7z"
      },
      "original": {
        "type": "file",
        "url": "https://ftp.iij.ad.jp/pub/osdn.jp/users/8/8638/genjyuugothic-x-20150607.7z"
      }
    },
    "gen-jyuu-gothic_2": {
      "flake": false,
      "locked": {
        "narHash": "sha256-FF4pXrHoYTLpcKV8PomQKoKZFQWD0p5Vr2RiOstOGHY=",
        "type": "file",
        "url": "https://ftp.iij.ad.jp/pub/osdn.jp/users/8/8636/genjyuugothic-20150607.7z"
      },
      "original": {
        "type": "file",
        "url": "https://ftp.iij.ad.jp/pub/osdn.jp/users/8/8636/genjyuugothic-20150607.7z"
      }
    },
    "gen-shin-gothic": {
      "inputs": {
        "flake-utils": [
          "flake-utils"
        ],
        "gen-shin-gothic": "gen-shin-gothic_2",
        "nixpkgs": [
          "nixpkgs"
        ]
      },
      "locked": {
        "lastModified": 1727504387,
        "narHash": "sha256-NxB5yFc2eTn7zvuW9mVhIldkGrK0pja9dizBJB7GaKw=",
        "owner": "blyoa",
        "repo": "nix-font-gen-shin-gothic",
        "rev": "a9d439f0e010c7d2808ba31650ec1e2d843cc884",
        "type": "github"
      },
      "original": {
        "owner": "blyoa",
        "repo": "nix-font-gen-shin-gothic",
        "type": "github"
      }
    },
    "gen-shin-gothic_2": {
      "flake": false,
      "locked": {
        "narHash": "sha256-YuwAQ0rxeDhf3RIUm2BXVZ0ouLa1znxDPi+PBwkHtZs=",
        "type": "file",
        "url": "https://ftp.iij.ad.jp/pub/osdn.jp/users/8/8634/genshingothic-20150607.7z"
      },
      "original": {
        "type": "file",
        "url": "https://ftp.iij.ad.jp/pub/osdn.jp/users/8/8634/genshingothic-20150607.7z"
      }
    },
    "home-manager": {
      "inputs": {
        "nixpkgs": [
          "nixpkgs"
        ]
      },
      "locked": {
        "lastModified": 1732884235,
        "narHash": "sha256-r8j6R3nrvwbT1aUp4EPQ1KC7gm0pu9VcV1aNaB+XG6Q=",
        "owner": "nix-community",
        "repo": "home-manager",
        "rev": "819f682269f4e002884702b87e445c82840c68f2",
        "type": "github"
      },
      "original": {
        "owner": "nix-community",
        "repo": "home-manager",
        "type": "github"
      }
    },
    "mocword": {
      "inputs": {
        "flake-utils": [
          "flake-utils"
        ],
        "nixpkgs": [
          "nixpkgs"
        ]
      },
      "locked": {
        "lastModified": 1725877962,
        "narHash": "sha256-gaj8M63spkNRXeOgn+RyJfx+N0DCtXATZ2eycENoV88=",
        "owner": "blyoa",
        "repo": "nix-mocword",
        "rev": "070dc33d8908c30084d06e2d2b0abd1551f8f78b",
        "type": "github"
      },
      "original": {
        "owner": "blyoa",
        "repo": "nix-mocword",
        "type": "github"
      }
    },
    "nix-darwin": {
      "inputs": {
        "nixpkgs": [
          "nixpkgs"
        ]
      },
      "locked": {
        "lastModified": 1732603785,
        "narHash": "sha256-AEjWTJwOmSnVYsSJCojKgoguGfFfwel6z/6ud6UFMU8=",
        "owner": "LnL7",
        "repo": "nix-darwin",
        "rev": "6ab87b7c84d4ee873e937108c4ff80c015a40c7a",
        "type": "github"
      },
      "original": {
        "owner": "LnL7",
        "repo": "nix-darwin",
        "type": "github"
      }
    },
    "nixpkgs": {
      "locked": {
        "lastModified": 1732758367,
        "narHash": "sha256-RzaI1RO0UXqLjydtz3GAXSTzHkpb/lLD1JD8a0W4Wpo=",
        "owner": "nixos",
        "repo": "nixpkgs",
        "rev": "fa42b5a5f401aab8a32bd33c9a4de0738180dc59",
        "type": "github"
      },
      "original": {
        "owner": "nixos",
        "ref": "nixos-unstable",
        "repo": "nixpkgs",
        "type": "github"
      }
    },
    "ricty-overlay": {
      "inputs": {
        "nixpkgs": [
          "nixpkgs"
        ]
      },
      "locked": {
        "lastModified": 1735991649,
        "narHash": "sha256-iKtNGt7TNN7XBaoRrvH9Ajq1mxE7GyWD04wYaNUPDCk=",
        "owner": "blyoa",
        "repo": "nix-font-ricty-overlay",
        "rev": "bb702e5eb177d80daef72511d5d5a1385000cf82",
        "type": "github"
      },
      "original": {
        "owner": "blyoa",
        "repo": "nix-font-ricty-overlay",
        "type": "github"
      }
    },
    "root": {
      "inputs": {
        "flake-utils": "flake-utils",
        "gen-jyuu-gothic": "gen-jyuu-gothic",
        "gen-shin-gothic": "gen-shin-gothic",
        "home-manager": "home-manager",
        "mocword": "mocword",
        "nix-darwin": "nix-darwin",
        "nixpkgs": "nixpkgs",
        "ricty-overlay": "ricty-overlay"
      }
    },
    "systems": {
      "locked": {
        "lastModified": 1681028828,
        "narHash": "sha256-Vy1rq5AaRuLzOxct8nz4T6wlgyUR7zLU309k9mBC768=",
        "owner": "nix-systems",
        "repo": "default",
        "rev": "da67096a3b9bf56a91d16901293e51ba5b49a27e",
        "type": "github"
      },
      "original": {
        "owner": "nix-systems",
        "repo": "default",
        "type": "github"
      }
    }
  },
  "root": "root",
  "version": 7
}
